// !$*UTF8*$!
{
	archiveVersion = 1;
	classes = {
	};
	objectVersion = 51;
	objects = {

/* Begin PBXBuildFile section */
		42B6B18B250B5A4500B95512 /* theScream.mp3 in Resources */ = {isa = PBXBuildFile; fileRef = 42B6B18A250B5A4500B95512 /* theScream.mp3 */; };
		490AC25E245F1CBB00A68DEF /* blinkingLabel.swift in Sources */ = {isa = PBXBuildFile; fileRef = 490AC25D245F1CBB00A68DEF /* blinkingLabel.swift */; };
		4943B7D3245717B0005C444F /* AppDelegate.swift in Sources */ = {isa = PBXBuildFile; fileRef = 4943B7D2245717B0005C444F /* AppDelegate.swift */; };
		4943B7D7245717B0005C444F /* ViewController.swift in Sources */ = {isa = PBXBuildFile; fileRef = 4943B7D6245717B0005C444F /* ViewController.swift */; };
		4943B7DA245717B0005C444F /* Main.storyboard in Resources */ = {isa = PBXBuildFile; fileRef = 4943B7D8245717B0005C444F /* Main.storyboard */; };
		4943B7DC245717B4005C444F /* Assets.xcassets in Resources */ = {isa = PBXBuildFile; fileRef = 4943B7DB245717B4005C444F /* Assets.xcassets */; };
		4943B7DF245717B4005C444F /* LaunchScreen.storyboard in Resources */ = {isa = PBXBuildFile; fileRef = 4943B7DD245717B4005C444F /* LaunchScreen.storyboard */; };
		4943B7E82458063F005C444F /* UserDefaultsExt.swift in Sources */ = {isa = PBXBuildFile; fileRef = 4943B7E72458063F005C444F /* UserDefaultsExt.swift */; };
		54192894ADE9171948C957EF /* Pods_ContactTracing.framework in Frameworks */ = {isa = PBXBuildFile; fileRef = 079EE96AD160499A015CFF73 /* Pods_ContactTracing.framework */; };
/* End PBXBuildFile section */

/* Begin PBXFileReference section */
		079EE96AD160499A015CFF73 /* Pods_ContactTracing.framework */ = {isa = PBXFileReference; explicitFileType = wrapper.framework; includeInIndex = 0; path = Pods_ContactTracing.framework; sourceTree = BUILT_PRODUCTS_DIR; };
		1DC366220259D8A197586574 /* Pods-ContactTracing.debug.xcconfig */ = {isa = PBXFileReference; includeInIndex = 1; lastKnownFileType = text.xcconfig; name = "Pods-ContactTracing.debug.xcconfig"; path = "Target Support Files/Pods-ContactTracing/Pods-ContactTracing.debug.xcconfig"; sourceTree = "<group>"; };
		42B6B18A250B5A4500B95512 /* theScream.mp3 */ = {isa = PBXFileReference; lastKnownFileType = audio.mp3; path = theScream.mp3; sourceTree = "<group>"; };
		490AC25D245F1CBB00A68DEF /* blinkingLabel.swift */ = {isa = PBXFileReference; lastKnownFileType = sourcecode.swift; path = blinkingLabel.swift; sourceTree = "<group>"; };
		4943B7CF245717B0005C444F /* ContactTracing.app */ = {isa = PBXFileReference; explicitFileType = wrapper.application; includeInIndex = 0; path = ContactTracing.app; sourceTree = BUILT_PRODUCTS_DIR; };
		4943B7D2245717B0005C444F /* AppDelegate.swift */ = {isa = PBXFileReference; lastKnownFileType = sourcecode.swift; path = AppDelegate.swift; sourceTree = "<group>"; };
		4943B7D6245717B0005C444F /* ViewController.swift */ = {isa = PBXFileReference; lastKnownFileType = sourcecode.swift; path = ViewController.swift; sourceTree = "<group>"; };
		4943B7D9245717B0005C444F /* Base */ = {isa = PBXFileReference; lastKnownFileType = file.storyboard; name = Base; path = Base.lproj/Main.storyboard; sourceTree = "<group>"; };
		4943B7DB245717B4005C444F /* Assets.xcassets */ = {isa = PBXFileReference; lastKnownFileType = folder.assetcatalog; path = Assets.xcassets; sourceTree = "<group>"; };
		4943B7DE245717B4005C444F /* Base */ = {isa = PBXFileReference; lastKnownFileType = file.storyboard; name = Base; path = Base.lproj/LaunchScreen.storyboard; sourceTree = "<group>"; };
		4943B7E0245717B4005C444F /* Info.plist */ = {isa = PBXFileReference; lastKnownFileType = text.plist.xml; path = Info.plist; sourceTree = "<group>"; };
		4943B7E72458063F005C444F /* UserDefaultsExt.swift */ = {isa = PBXFileReference; lastKnownFileType = sourcecode.swift; path = UserDefaultsExt.swift; sourceTree = "<group>"; };
		D01D49CE200FD1E828606C6A /* Pods-ContactTracing.release.xcconfig */ = {isa = PBXFileReference; includeInIndex = 1; lastKnownFileType = text.xcconfig; name = "Pods-ContactTracing.release.xcconfig"; path = "Target Support Files/Pods-ContactTracing/Pods-ContactTracing.release.xcconfig"; sourceTree = "<group>"; };
/* End PBXFileReference section */

/* Begin PBXFrameworksBuildPhase section */
		4943B7CC245717B0005C444F /* Frameworks */ = {
			isa = PBXFrameworksBuildPhase;
			buildActionMask = 2147483647;
			files = (
				54192894ADE9171948C957EF /* Pods_ContactTracing.framework in Frameworks */,
			);
			runOnlyForDeploymentPostprocessing = 0;
		};
/* End PBXFrameworksBuildPhase section */

/* Begin PBXGroup section */
		4943B7C6245717B0005C444F = {
			isa = PBXGroup;
			children = (
				4943B7D1245717B0005C444F /* ContactTracing */,
				4943B7D0245717B0005C444F /* Products */,
				8B9A7432803F09F7A18247C8 /* Pods */,
				E6C4CBBDE99AA53E67038AE3 /* Frameworks */,
			);
			sourceTree = "<group>";
		};
		4943B7D0245717B0005C444F /* Products */ = {
			isa = PBXGroup;
			children = (
				4943B7CF245717B0005C444F /* ContactTracing.app */,
			);
			name = Products;
			sourceTree = "<group>";
		};
		4943B7D1245717B0005C444F /* ContactTracing */ = {
			isa = PBXGroup;
			children = (
				42B6B18A250B5A4500B95512 /* theScream.mp3 */,
				4943B7E624580626005C444F /* Extensions */,
				4943B7D2245717B0005C444F /* AppDelegate.swift */,
				4943B7D6245717B0005C444F /* ViewController.swift */,
				4943B7D8245717B0005C444F /* Main.storyboard */,
				4943B7DB245717B4005C444F /* Assets.xcassets */,
				4943B7DD245717B4005C444F /* LaunchScreen.storyboard */,
				4943B7E0245717B4005C444F /* Info.plist */,
			);
			path = ContactTracing;
			sourceTree = "<group>";
		};
		4943B7E624580626005C444F /* Extensions */ = {
			isa = PBXGroup;
			children = (
				4943B7E72458063F005C444F /* UserDefaultsExt.swift */,
				490AC25D245F1CBB00A68DEF /* blinkingLabel.swift */,
			);
			path = Extensions;
			sourceTree = "<group>";
		};
		8B9A7432803F09F7A18247C8 /* Pods */ = {
			isa = PBXGroup;
			children = (
				1DC366220259D8A197586574 /* Pods-ContactTracing.debug.xcconfig */,
				D01D49CE200FD1E828606C6A /* Pods-ContactTracing.release.xcconfig */,
			);
			path = Pods;
			sourceTree = "<group>";
		};
		E6C4CBBDE99AA53E67038AE3 /* Frameworks */ = {
			isa = PBXGroup;
			children = (
				079EE96AD160499A015CFF73 /* Pods_ContactTracing.framework */,
			);
			name = Frameworks;
			sourceTree = "<group>";
		};
/* End PBXGroup section */

/* Begin PBXNativeTarget section */
		4943B7CE245717B0005C444F /* ContactTracing */ = {
			isa = PBXNativeTarget;
			buildConfigurationList = 4943B7E3245717B4005C444F /* Build configuration list for PBXNativeTarget "ContactTracing" */;
			buildPhases = (
				26EDE30FE94A9927499E1807 /* [CP] Check Pods Manifest.lock */,
				4943B7CB245717B0005C444F /* Sources */,
				4943B7CC245717B0005C444F /* Frameworks */,
				4943B7CD245717B0005C444F /* Resources */,
				1312432D01F8899FC6B00631 /* [CP] Embed Pods Frameworks */,
			);
			buildRules = (
			);
			dependencies = (
			);
			name = ContactTracing;
			productName = ContactTracing;
			productReference = 4943B7CF245717B0005C444F /* ContactTracing.app */;
			productType = "com.apple.product-type.application";
		};
/* End PBXNativeTarget section */

/* Begin PBXProject section */
		4943B7C7245717B0005C444F /* Project object */ = {
			isa = PBXProject;
			attributes = {
				LastSwiftUpdateCheck = 1140;
				LastUpgradeCheck = 1140;
				ORGANIZATIONNAME = playable_systems;
				TargetAttributes = {
					4943B7CE245717B0005C444F = {
						CreatedOnToolsVersion = 11.4.1;
					};
				};
			};
			buildConfigurationList = 4943B7CA245717B0005C444F /* Build configuration list for PBXProject "ContactTracing" */;
			compatibilityVersion = "Xcode 9.3";
			developmentRegion = en;
			hasScannedForEncodings = 0;
			knownRegions = (
				en,
				Base,
			);
			mainGroup = 4943B7C6245717B0005C444F;
			productRefGroup = 4943B7D0245717B0005C444F /* Products */;
			projectDirPath = "";
			projectRoot = "";
			targets = (
				4943B7CE245717B0005C444F /* ContactTracing */,
			);
		};
/* End PBXProject section */

/* Begin PBXResourcesBuildPhase section */
		4943B7CD245717B0005C444F /* Resources */ = {
			isa = PBXResourcesBuildPhase;
			buildActionMask = 2147483647;
			files = (
				4943B7DF245717B4005C444F /* LaunchScreen.storyboard in Resources */,
				4943B7DC245717B4005C444F /* Assets.xcassets in Resources */,
				4943B7DA245717B0005C444F /* Main.storyboard in Resources */,
				42B6B18B250B5A4500B95512 /* theScream.mp3 in Resources */,
			);
			runOnlyForDeploymentPostprocessing = 0;
		};
/* End PBXResourcesBuildPhase section */

/* Begin PBXShellScriptBuildPhase section */
		1312432D01F8899FC6B00631 /* [CP] Embed Pods Frameworks */ = {
			isa = PBXShellScriptBuildPhase;
			buildActionMask = 2147483647;
			files = (
			);
			inputFileListPaths = (
				"${PODS_ROOT}/Target Support Files/Pods-ContactTracing/Pods-ContactTracing-frameworks-${CONFIGURATION}-input-files.xcfilelist",
			);
			name = "[CP] Embed Pods Frameworks";
			outputFileListPaths = (
				"${PODS_ROOT}/Target Support Files/Pods-ContactTracing/Pods-ContactTracing-frameworks-${CONFIGURATION}-output-files.xcfilelist",
			);
			runOnlyForDeploymentPostprocessing = 0;
			shellPath = /bin/sh;
			shellScript = "\"${PODS_ROOT}/Target Support Files/Pods-ContactTracing/Pods-ContactTracing-frameworks.sh\"\n";
			showEnvVarsInLog = 0;
		};
		26EDE30FE94A9927499E1807 /* [CP] Check Pods Manifest.lock */ = {
			isa = PBXShellScriptBuildPhase;
			buildActionMask = 2147483647;
			files = (
			);
			inputFileListPaths = (
			);
			inputPaths = (
				"${PODS_PODFILE_DIR_PATH}/Podfile.lock",
				"${PODS_ROOT}/Manifest.lock",
			);
			name = "[CP] Check Pods Manifest.lock";
			outputFileListPaths = (
			);
			outputPaths = (
				"$(DERIVED_FILE_DIR)/Pods-ContactTracing-checkManifestLockResult.txt",
			);
			runOnlyForDeploymentPostprocessing = 0;
			shellPath = /bin/sh;
			shellScript = "diff \"${PODS_PODFILE_DIR_PATH}/Podfile.lock\" \"${PODS_ROOT}/Manifest.lock\" > /dev/null\nif [ $? != 0 ] ; then\n    # print error to STDERR\n    echo \"error: The sandbox is not in sync with the Podfile.lock. Run 'pod install' or update your CocoaPods installation.\" >&2\n    exit 1\nfi\n# This output is used by Xcode 'outputs' to avoid re-running this script phase.\necho \"SUCCESS\" > \"${SCRIPT_OUTPUT_FILE_0}\"\n";
			showEnvVarsInLog = 0;
		};
/* End PBXShellScriptBuildPhase section */

/* Begin PBXSourcesBuildPhase section */
		4943B7CB245717B0005C444F /* Sources */ = {
			isa = PBXSourcesBuildPhase;
			buildActionMask = 2147483647;
			files = (
				490AC25E245F1CBB00A68DEF /* blinkingLabel.swift in Sources */,
				4943B7E82458063F005C444F /* UserDefaultsExt.swift in Sources */,
				4943B7D7245717B0005C444F /* ViewController.swift in Sources */,
				4943B7D3245717B0005C444F /* AppDelegate.swift in Sources */,
			);
			runOnlyForDeploymentPostprocessing = 0;
		};
/* End PBXSourcesBuildPhase section */

/* Begin PBXVariantGroup section */
		4943B7D8245717B0005C444F /* Main.storyboard */ = {
			isa = PBXVariantGroup;
			children = (
				4943B7D9245717B0005C444F /* Base */,
			);
			name = Main.storyboard;
			sourceTree = "<group>";
		};
		4943B7DD245717B4005C444F /* LaunchScreen.storyboard */ = {
			isa = PBXVariantGroup;
			children = (
				4943B7DE245717B4005C444F /* Base */,
			);
			name = LaunchScreen.storyboard;
			sourceTree = "<group>";
		};
/* End PBXVariantGroup section */

/* Begin XCBuildConfiguration section */
		4943B7E1245717B4005C444F /* Debug */ = {
			isa = XCBuildConfiguration;
			buildSettings = {
				ALWAYS_SEARCH_USER_PATHS = NO;
				CLANG_ANALYZER_NONNULL = YES;
				CLANG_ANALYZER_NUMBER_OBJECT_CONVERSION = YES_AGGRESSIVE;
				CLANG_CXX_LANGUAGE_STANDARD = "gnu++14";
				CLANG_CXX_LIBRARY = "libc++";
				CLANG_ENABLE_MODULES = YES;
				CLANG_ENABLE_OBJC_ARC = YES;
				CLANG_ENABLE_OBJC_WEAK = YES;
				CLANG_WARN_BLOCK_CAPTURE_AUTORELEASING = YES;
				CLANG_WARN_BOOL_CONVERSION = YES;
				CLANG_WARN_COMMA = YES;
				CLANG_WARN_CONSTANT_CONVERSION = YES;
				CLANG_WARN_DEPRECATED_OBJC_IMPLEMENTATIONS = YES;
				CLANG_WARN_DIRECT_OBJC_ISA_USAGE = YES_ERROR;
				CLANG_WARN_DOCUMENTATION_COMMENTS = YES;
				CLANG_WARN_EMPTY_BODY = YES;
				CLANG_WARN_ENUM_CONVERSION = YES;
				CLANG_WARN_INFINITE_RECURSION = YES;
				CLANG_WARN_INT_CONVERSION = YES;
				CLANG_WARN_NON_LITERAL_NULL_CONVERSION = YES;
				CLANG_WARN_OBJC_IMPLICIT_RETAIN_SELF = YES;
				CLANG_WARN_OBJC_LITERAL_CONVERSION = YES;
				CLANG_WARN_OBJC_ROOT_CLASS = YES_ERROR;
				CLANG_WARN_RANGE_LOOP_ANALYSIS = YES;
				CLANG_WARN_STRICT_PROTOTYPES = YES;
				CLANG_WARN_SUSPICIOUS_MOVE = YES;
				CLANG_WARN_UNGUARDED_AVAILABILITY = YES_AGGRESSIVE;
				CLANG_WARN_UNREACHABLE_CODE = YES;
				CLANG_WARN__DUPLICATE_METHOD_MATCH = YES;
				COPY_PHASE_STRIP = NO;
				DEBUG_INFORMATION_FORMAT = dwarf;
				ENABLE_STRICT_OBJC_MSGSEND = YES;
				ENABLE_TESTABILITY = YES;
				GCC_C_LANGUAGE_STANDARD = gnu11;
				GCC_DYNAMIC_NO_PIC = NO;
				GCC_NO_COMMON_BLOCKS = YES;
				GCC_OPTIMIZATION_LEVEL = 0;
				GCC_PREPROCESSOR_DEFINITIONS = (
					"DEBUG=1",
					"$(inherited)",
				);
				GCC_WARN_64_TO_32_BIT_CONVERSION = YES;
				GCC_WARN_ABOUT_RETURN_TYPE = YES_ERROR;
				GCC_WARN_UNDECLARED_SELECTOR = YES;
				GCC_WARN_UNINITIALIZED_AUTOS = YES_AGGRESSIVE;
				GCC_WARN_UNUSED_FUNCTION = YES;
				GCC_WARN_UNUSED_VARIABLE = YES;
				IPHONEOS_DEPLOYMENT_TARGET = 13.4;
				MTL_ENABLE_DEBUG_INFO = INCLUDE_SOURCE;
				MTL_FAST_MATH = YES;
				ONLY_ACTIVE_ARCH = YES;
				SDKROOT = iphoneos;
				SWIFT_ACTIVE_COMPILATION_CONDITIONS = DEBUG;
				SWIFT_OPTIMIZATION_LEVEL = "-Onone";
			};
			name = Debug;
		};
		4943B7E2245717B4005C444F /* Release */ = {
			isa = XCBuildConfiguration;
			buildSettings = {
				ALWAYS_SEARCH_USER_PATHS = NO;
				CLANG_ANALYZER_NONNULL = YES;
				CLANG_ANALYZER_NUMBER_OBJECT_CONVERSION = YES_AGGRESSIVE;
				CLANG_CXX_LANGUAGE_STANDARD = "gnu++14";
				CLANG_CXX_LIBRARY = "libc++";
				CLANG_ENABLE_MODULES = YES;
				CLANG_ENABLE_OBJC_ARC = YES;
				CLANG_ENABLE_OBJC_WEAK = YES;
				CLANG_WARN_BLOCK_CAPTURE_AUTORELEASING = YES;
				CLANG_WARN_BOOL_CONVERSION = YES;
				CLANG_WARN_COMMA = YES;
				CLANG_WARN_CONSTANT_CONVERSION = YES;
				CLANG_WARN_DEPRECATED_OBJC_IMPLEMENTATIONS = YES;
				CLANG_WARN_DIRECT_OBJC_ISA_USAGE = YES_ERROR;
				CLANG_WARN_DOCUMENTATION_COMMENTS = YES;
				CLANG_WARN_EMPTY_BODY = YES;
				CLANG_WARN_ENUM_CONVERSION = YES;
				CLANG_WARN_INFINITE_RECURSION = YES;
				CLANG_WARN_INT_CONVERSION = YES;
				CLANG_WARN_NON_LITERAL_NULL_CONVERSION = YES;
				CLANG_WARN_OBJC_IMPLICIT_RETAIN_SELF = YES;
				CLANG_WARN_OBJC_LITERAL_CONVERSION = YES;
				CLANG_WARN_OBJC_ROOT_CLASS = YES_ERROR;
				CLANG_WARN_RANGE_LOOP_ANALYSIS = YES;
				CLANG_WARN_STRICT_PROTOTYPES = YES;
				CLANG_WARN_SUSPICIOUS_MOVE = YES;
				CLANG_WARN_UNGUARDED_AVAILABILITY = YES_AGGRESSIVE;
				CLANG_WARN_UNREACHABLE_CODE = YES;
				CLANG_WARN__DUPLICATE_METHOD_MATCH = YES;
				COPY_PHASE_STRIP = NO;
				DEBUG_INFORMATION_FORMAT = "dwarf-with-dsym";
				ENABLE_NS_ASSERTIONS = NO;
				ENABLE_STRICT_OBJC_MSGSEND = YES;
				GCC_C_LANGUAGE_STANDARD = gnu11;
				GCC_NO_COMMON_BLOCKS = YES;
				GCC_WARN_64_TO_32_BIT_CONVERSION = YES;
				GCC_WARN_ABOUT_RETURN_TYPE = YES_ERROR;
				GCC_WARN_UNDECLARED_SELECTOR = YES;
				GCC_WARN_UNINITIALIZED_AUTOS = YES_AGGRESSIVE;
				GCC_WARN_UNUSED_FUNCTION = YES;
				GCC_WARN_UNUSED_VARIABLE = YES;
				IPHONEOS_DEPLOYMENT_TARGET = 13.4;
				MTL_ENABLE_DEBUG_INFO = NO;
				MTL_FAST_MATH = YES;
				SDKROOT = iphoneos;
				SWIFT_COMPILATION_MODE = wholemodule;
				SWIFT_OPTIMIZATION_LEVEL = "-O";
				VALIDATE_PRODUCT = YES;
			};
			name = Release;
		};
		4943B7E4245717B4005C444F /* Debug */ = {
			isa = XCBuildConfiguration;
			baseConfigurationReference = 1DC366220259D8A197586574 /* Pods-ContactTracing.debug.xcconfig */;
			buildSettings = {
				ASSETCATALOG_COMPILER_APPICON_NAME = AppIcon;
				CODE_SIGN_STYLE = Automatic;
				DEVELOPMENT_TEAM = NES4E5L6E8;
				INFOPLIST_FILE = ContactTracing/Info.plist;
				IPHONEOS_DEPLOYMENT_TARGET = 13.0;
				LD_RUNPATH_SEARCH_PATHS = (
					"$(inherited)",
					"@executable_path/Frameworks",
				);
				PRODUCT_BUNDLE_IDENTIFIER = com.miguelsicart.net.ContactTracing;
				PRODUCT_NAME = "$(TARGET_NAME)";
				SWIFT_VERSION = 5.0;
				TARGETED_DEVICE_FAMILY = "1,2";
			};
			name = Debug;
		};
		4943B7E5245717B4005C444F /* Release */ = {
			isa = XCBuildConfiguration;
			baseConfigurationReference = D01D49CE200FD1E828606C6A /* Pods-ContactTracing.release.xcconfig */;
			buildSettings = {
				ASSETCATALOG_COMPILER_APPICON_NAME = AppIcon;
				CODE_SIGN_STYLE = Automatic;
				DEVELOPMENT_TEAM = NES4E5L6E8;
				INFOPLIST_FILE = ContactTracing/Info.plist;
				IPHONEOS_DEPLOYMENT_TARGET = 13.0;
				LD_RUNPATH_SEARCH_PATHS = (
					"$(inherited)",
					"@executable_path/Frameworks",
				);
				PRODUCT_BUNDLE_IDENTIFIER = com.miguelsicart.net.ContactTracing;
				PRODUCT_NAME = "$(TARGET_NAME)";
				SWIFT_VERSION = 5.0;
				TARGETED_DEVICE_FAMILY = "1,2";
			};
			name = Release;
		};
/* End XCBuildConfiguration section */

/* Begin XCConfigurationList section */
		4943B7CA245717B0005C444F /* Build configuration list for PBXProject "ContactTracing" */ = {
			isa = XCConfigurationList;
			buildConfigurations = (
				4943B7E1245717B4005C444F /* Debug */,
				4943B7E2245717B4005C444F /* Release */,
			);
			defaultConfigurationIsVisible = 0;
			defaultConfigurationName = Release;
		};
		4943B7E3245717B4005C444F /* Build configuration list for PBXNativeTarget "ContactTracing" */ = {
			isa = XCConfigurationList;
			buildConfigurations = (
				4943B7E4245717B4005C444F /* Debug */,
				4943B7E5245717B4005C444F /* Release */,
			);
			defaultConfigurationIsVisible = 0;
			defaultConfigurationName = Release;
		};
/* End XCConfigurationList section */
	};
	rootObject = 4943B7C7245717B0005C444F /* Project object */;
}
